<?xml version="1.0" encoding="utf-8"?>
<Project ToolsVersion="4.0" xmlns="http://schemas.microsoft.com/developer/msbuild/2003">
  <ItemGroup>
    <Filter Include="Engine">
      <UniqueIdentifier>{02b192cc-bf7c-4f14-a6f7-5b0900e1aa14}</UniqueIdentifier>
    </Filter>
    <Filter Include="main">
      <UniqueIdentifier>{4FC737F1-C7A5-4376-A066-2A32D752A2FF}</UniqueIdentifier>
      <Extensions>cpp;c;cc;cxx;c++;cppm;ixx;def;odl;idl;hpj;bat;asm;asmx</Extensions>
    </Filter>
    <Filter Include="main\리소스 파일">
      <UniqueIdentifier>{67DA6AB6-F800-4c08-8B7A-83BB121AAD01}</UniqueIdentifier>
      <Extensions>rc;ico;cur;bmp;dlg;rc2;rct;bin;rgs;gif;jpg;jpeg;jpe;resx;tiff;tif;png;wav;mfcribbon-ms</Extensions>
    </Filter>
    <Filter Include="Engine\Common">
      <UniqueIdentifier>{38c61ccd-ae4f-4646-b050-0d6a76e05e57}</UniqueIdentifier>
    </Filter>
    <Filter Include="Engine\Application">
      <UniqueIdentifier>{0a1c52c1-987e-4915-83f3-4953c210c395}</UniqueIdentifier>
    </Filter>
    <Filter Include="Engine\Scene">
      <UniqueIdentifier>{0ee01cef-a999-4682-b228-95a5060d72be}</UniqueIdentifier>
    </Filter>
    <Filter Include="Engine\GameObject">
      <UniqueIdentifier>{d8f4f3dc-61c5-46cf-a420-fb778cef9e18}</UniqueIdentifier>
    </Filter>
    <Filter Include="Engine\Scene\Base">
      <UniqueIdentifier>{7a0194e6-b589-4438-ba8e-cb2be3fce281}</UniqueIdentifier>
    </Filter>
    <Filter Include="Engine\GameObject\Base">
      <UniqueIdentifier>{3d56d30c-da8c-4bb8-af9e-a0f9a51d5495}</UniqueIdentifier>
    </Filter>
    <Filter Include="Engine\Manager">
      <UniqueIdentifier>{38b6cb9e-543b-4e16-a32e-28701db6a859}</UniqueIdentifier>
    </Filter>
    <Filter Include="Engine\Resource">
      <UniqueIdentifier>{c5269f11-1b23-42e2-9746-e8b5a1e3136e}</UniqueIdentifier>
    </Filter>
    <Filter Include="Engine\Resource\Base">
      <UniqueIdentifier>{b37c32bc-c15e-4efd-bb82-d876f33995be}</UniqueIdentifier>
    </Filter>
    <Filter Include="Engine\Component">
      <UniqueIdentifier>{0a11f158-5e6b-4059-9388-983a56eda0cf}</UniqueIdentifier>
    </Filter>
    <Filter Include="Engine\Component\Base">
      <UniqueIdentifier>{c65f1fd6-4c18-4c7e-af25-943ad510ff13}</UniqueIdentifier>
    </Filter>
    <Filter Include="Engine\Scene\BossScenes">
      <UniqueIdentifier>{5955bd89-80e2-47b9-a0cd-955f8b1ab371}</UniqueIdentifier>
    </Filter>
    <Filter Include="Engine\GameObject\LogoSceneObj">
      <UniqueIdentifier>{33db6c20-1ad1-400d-a73b-a043bd1a246c}</UniqueIdentifier>
    </Filter>
    <Filter Include="Engine\GameObject\BossSceneObj">
      <UniqueIdentifier>{52c96c1c-8eaa-48f2-af3a-51f7f3cc6982}</UniqueIdentifier>
    </Filter>
    <Filter Include="Engine\GameObject\BossSceneObj\BeppiSceneObj">
      <UniqueIdentifier>{9e9a060b-d01f-468f-8a64-ff56b10e48e1}</UniqueIdentifier>
    </Filter>
    <Filter Include="Engine\GameObject\Gun">
      <UniqueIdentifier>{e99469b8-b9bb-405a-b556-ec308f2a4775}</UniqueIdentifier>
    </Filter>
    <Filter Include="Engine\GameObject\Gun\Base">
      <UniqueIdentifier>{9a77a3f8-abc1-4e13-b3cd-34c3f63af8df}</UniqueIdentifier>
    </Filter>
    <Filter Include="Engine\GameObject\Gun\Base\Bullet">
      <UniqueIdentifier>{f1ffd64c-14d4-44eb-b269-29c061bc62c1}</UniqueIdentifier>
    </Filter>
    <Filter Include="Engine\GameObject\Gun\PeaShooter">
      <UniqueIdentifier>{7abf63ac-448b-41de-8336-73d07dc96e47}</UniqueIdentifier>
    </Filter>
    <Filter Include="Engine\GameObject\BossSceneObj\BossBase">
      <UniqueIdentifier>{9ad0fd90-bf45-446e-90f8-2956bc4945ac}</UniqueIdentifier>
    </Filter>
    <Filter Include="Engine\GameObject\Player">
      <UniqueIdentifier>{ec9cc829-afc7-48d4-9eb6-f43c69c5ef4f}</UniqueIdentifier>
    </Filter>
    <Filter Include="Engine\Scene\StructureScenes">
      <UniqueIdentifier>{7fa76d47-56e7-4c0c-bf50-0f8994263817}</UniqueIdentifier>
    </Filter>
    <Filter Include="Engine\GameObject\Player\Effects">
      <UniqueIdentifier>{f6e4a271-ed45-464f-a71f-bb8285973f66}</UniqueIdentifier>
    </Filter>
    <Filter Include="Engine\UIBase">
      <UniqueIdentifier>{c20992c6-eb8d-4ed5-9293-50130926898b}</UniqueIdentifier>
    </Filter>
  </ItemGroup>
  <ItemGroup>
    <ClInclude Include="framework.h">
      <Filter>main</Filter>
    </ClInclude>
    <ClInclude Include="Resource.h">
      <Filter>main</Filter>
    </ClInclude>
    <ClInclude Include="targetver.h">
      <Filter>main</Filter>
    </ClInclude>
    <ClInclude Include="WindowsProject1.h">
      <Filter>main</Filter>
    </ClInclude>
    <ClInclude Include="Common.h">
      <Filter>Engine\Common</Filter>
    </ClInclude>
    <ClInclude Include="Maths.h">
      <Filter>Engine\Common</Filter>
    </ClInclude>
    <ClInclude Include="yaApplication.h">
      <Filter>Engine\Application</Filter>
    </ClInclude>
    <ClInclude Include="yaSceneManager.h">
      <Filter>Engine\Manager</Filter>
    </ClInclude>
    <ClInclude Include="yaEntity.h">
      <Filter>Engine\Common</Filter>
    </ClInclude>
    <ClInclude Include="yaScene.h">
      <Filter>Engine\Scene\Base</Filter>
    </ClInclude>
    <ClInclude Include="def.h">
      <Filter>Engine\Common</Filter>
    </ClInclude>
    <ClInclude Include="yaGameObject.h">
      <Filter>Engine\GameObject\Base</Filter>
    </ClInclude>
    <ClInclude Include="yaTime.h">
      <Filter>Engine\Manager</Filter>
    </ClInclude>
    <ClInclude Include="yaInput.h">
      <Filter>Engine\Manager</Filter>
    </ClInclude>
    <ClInclude Include="yaResource.h">
      <Filter>Engine\Resource\Base</Filter>
    </ClInclude>
    <ClInclude Include="yaPicture.h">
      <Filter>Engine\Resource</Filter>
    </ClInclude>
    <ClInclude Include="yaResources.h">
      <Filter>Engine\Manager</Filter>
    </ClInclude>
    <ClInclude Include="yaComponent.h">
      <Filter>Engine\Component\Base</Filter>
    </ClInclude>
    <ClInclude Include="yaCollider.h">
      <Filter>Engine\Component</Filter>
    </ClInclude>
    <ClInclude Include="yaCollisionManager.h">
      <Filter>Engine\Manager</Filter>
    </ClInclude>
    <ClInclude Include="yaBgImageObject.h">
      <Filter>Engine\GameObject</Filter>
    </ClInclude>
    <ClInclude Include="yaBossBeppiScene.h">
      <Filter>Engine\Scene\BossScenes</Filter>
    </ClInclude>
    <ClInclude Include="yaBossVegetableScene.h">
      <Filter>Engine\Scene\BossScenes</Filter>
    </ClInclude>
    <ClInclude Include="yaCamera.h">
      <Filter>Engine\Manager</Filter>
    </ClInclude>
    <ClInclude Include="yaObjectManager.h">
      <Filter>Engine\Manager</Filter>
    </ClInclude>
    <ClInclude Include="yaAnimator.h">
      <Filter>Engine\Component</Filter>
    </ClInclude>
    <ClInclude Include="yaAnimation.h">
      <Filter>Engine\Component</Filter>
    </ClInclude>
    <ClInclude Include="yaLogoAnimation.h">
      <Filter>Engine\GameObject\LogoSceneObj</Filter>
    </ClInclude>
    <ClInclude Include="yaReadyAnimation.h">
      <Filter>Engine\GameObject\LogoSceneObj</Filter>
    </ClInclude>
    <ClInclude Include="yaPeaShooter.h">
      <Filter>Engine\GameObject\Gun\PeaShooter</Filter>
    </ClInclude>
    <ClInclude Include="yaBeppiPhaseOne.h">
      <Filter>Engine\GameObject\BossSceneObj\BeppiSceneObj</Filter>
    </ClInclude>
    <ClInclude Include="yaDuckPanel.h">
      <Filter>Engine\GameObject\BossSceneObj\BeppiSceneObj</Filter>
    </ClInclude>
    <ClInclude Include="yaReady.h">
      <Filter>Engine\GameObject\BossSceneObj</Filter>
    </ClInclude>
    <ClInclude Include="yaLightBulb.h">
      <Filter>Engine\GameObject\BossSceneObj\BeppiSceneObj</Filter>
    </ClInclude>
    <ClInclude Include="yaGround.h">
      <Filter>Engine\GameObject</Filter>
    </ClInclude>
    <ClInclude Include="yaRigidbody.h">
      <Filter>Engine\Component</Filter>
    </ClInclude>
    <ClInclude Include="yaBullet.h">
      <Filter>Engine\GameObject\Gun\Base\Bullet</Filter>
    </ClInclude>
    <ClInclude Include="yaShootEffect.h">
      <Filter>Engine\GameObject\Gun\Base\Bullet</Filter>
    </ClInclude>
    <ClInclude Include="yaMonster.h">
      <Filter>Engine\GameObject\BossSceneObj\BossBase</Filter>
    </ClInclude>
    <ClInclude Include="yaPlayer.h">
      <Filter>Engine\GameObject\Player</Filter>
    </ClInclude>
    <ClInclude Include="yaEndScene.h">
      <Filter>Engine\Scene\StructureScenes</Filter>
    </ClInclude>
    <ClInclude Include="yaLogoScene.h">
      <Filter>Engine\Scene\StructureScenes</Filter>
    </ClInclude>
    <ClInclude Include="yaMapScene.h">
      <Filter>Engine\Scene\StructureScenes</Filter>
    </ClInclude>
    <ClInclude Include="yaTitleScene.h">
      <Filter>Engine\Scene\StructureScenes</Filter>
    </ClInclude>
    <ClInclude Include="yaDashEffect.h">
      <Filter>Engine\GameObject\Player\Effects</Filter>
    </ClInclude>
    <ClInclude Include="yaParryEffect.h">
      <Filter>Engine\GameObject\Player\Effects</Filter>
    </ClInclude>
    <ClInclude Include="yaSpecialAttackEffect.h">
      <Filter>Engine\GameObject\Player\Effects</Filter>
    </ClInclude>
    <ClInclude Include="yaUIManager.h">
      <Filter>Engine\Manager</Filter>
    </ClInclude>
    <ClInclude Include="yaUIBase.h">
      <Filter>Engine\UIBase</Filter>
    </ClInclude>
  </ItemGroup>
  <ItemGroup>
    <ClCompile Include="main.cpp">
      <Filter>main</Filter>
    </ClCompile>
    <ClCompile Include="yaApplication.cpp">
      <Filter>Engine\Application</Filter>
    </ClCompile>
    <ClCompile Include="yaSceneManager.cpp">
      <Filter>Engine\Manager</Filter>
    </ClCompile>
    <ClCompile Include="yaEntity.cpp">
      <Filter>Engine\Common</Filter>
    </ClCompile>
    <ClCompile Include="yaScene.cpp">
      <Filter>Engine\Scene\Base</Filter>
    </ClCompile>
    <ClCompile Include="yaGameObject.cpp">
      <Filter>Engine\GameObject\Base</Filter>
    </ClCompile>
    <ClCompile Include="yaTime.cpp">
      <Filter>Engine\Manager</Filter>
    </ClCompile>
    <ClCompile Include="yaInput.cpp">
      <Filter>Engine\Manager</Filter>
    </ClCompile>
    <ClCompile Include="yaResource.cpp">
      <Filter>Engine\Resource\Base</Filter>
    </ClCompile>
    <ClCompile Include="yaPicture.cpp">
      <Filter>Engine\Resource</Filter>
    </ClCompile>
    <ClCompile Include="yaResources.cpp">
      <Filter>Engine\Manager</Filter>
    </ClCompile>
    <ClCompile Include="yaComponent.cpp">
      <Filter>Engine\Component\Base</Filter>
    </ClCompile>
    <ClCompile Include="yaCollider.cpp">
      <Filter>Engine\Component</Filter>
    </ClCompile>
    <ClCompile Include="Maths.cpp">
      <Filter>Engine\Common</Filter>
    </ClCompile>
    <ClCompile Include="yaCollisionManager.cpp">
      <Filter>Engine\Manager</Filter>
    </ClCompile>
    <ClCompile Include="yaBgImageObject.cpp">
      <Filter>Engine\GameObject</Filter>
    </ClCompile>
    <ClCompile Include="yaBossBeppiScene.cpp">
      <Filter>Engine\Scene\BossScenes</Filter>
    </ClCompile>
    <ClCompile Include="yaBossVegetableScene.cpp">
      <Filter>Engine\Scene\BossScenes</Filter>
    </ClCompile>
    <ClCompile Include="yaCamera.cpp">
      <Filter>Engine\Manager</Filter>
    </ClCompile>
    <ClCompile Include="yaAnimator.cpp">
      <Filter>Engine\Component</Filter>
    </ClCompile>
    <ClCompile Include="yaAnimation.cpp">
      <Filter>Engine\Component</Filter>
    </ClCompile>
    <ClCompile Include="yaLogoAnimation.cpp">
      <Filter>Engine\GameObject\LogoSceneObj</Filter>
    </ClCompile>
    <ClCompile Include="yaReadyAnimation.cpp">
      <Filter>Engine\GameObject\LogoSceneObj</Filter>
    </ClCompile>
    <ClCompile Include="yaPeaShooter.cpp">
      <Filter>Engine\GameObject\Gun\PeaShooter</Filter>
    </ClCompile>
    <ClCompile Include="yaBeppiPhaseOne.cpp">
      <Filter>Engine\GameObject\BossSceneObj\BeppiSceneObj</Filter>
    </ClCompile>
    <ClCompile Include="yaDuckPanel.cpp">
      <Filter>Engine\GameObject\BossSceneObj\BeppiSceneObj</Filter>
    </ClCompile>
    <ClCompile Include="yaReady.cpp">
      <Filter>Engine\GameObject\BossSceneObj</Filter>
    </ClCompile>
    <ClCompile Include="yaLightBulb.cpp">
      <Filter>Engine\GameObject\BossSceneObj\BeppiSceneObj</Filter>
    </ClCompile>
    <ClCompile Include="yaGround.cpp">
      <Filter>Engine\GameObject</Filter>
    </ClCompile>
    <ClCompile Include="yaRigidbody.cpp">
      <Filter>Engine\Component</Filter>
    </ClCompile>
    <ClCompile Include="yaBullet.cpp">
      <Filter>Engine\GameObject\Gun\Base\Bullet</Filter>
    </ClCompile>
    <ClCompile Include="yaShootEffect.cpp">
      <Filter>Engine\GameObject\Gun\Base\Bullet</Filter>
    </ClCompile>
    <ClCompile Include="yaMonster.cpp">
      <Filter>Engine\GameObject\BossSceneObj\BossBase</Filter>
    </ClCompile>
    <ClCompile Include="yaPlayer.cpp">
      <Filter>Engine\GameObject\Player</Filter>
    </ClCompile>
    <ClCompile Include="yaEndScene.cpp">
      <Filter>Engine\Scene\StructureScenes</Filter>
    </ClCompile>
    <ClCompile Include="yaLogoScene.cpp">
      <Filter>Engine\Scene\StructureScenes</Filter>
    </ClCompile>
    <ClCompile Include="yaMapScene.cpp">
      <Filter>Engine\Scene\StructureScenes</Filter>
    </ClCompile>
    <ClCompile Include="yaTitleScene.cpp">
      <Filter>Engine\Scene\StructureScenes</Filter>
    </ClCompile>
    <ClCompile Include="yaDashEffect.cpp">
      <Filter>Engine\GameObject\Player\Effects</Filter>
    </ClCompile>
    <ClCompile Include="yaParryEffect.cpp">
      <Filter>Engine\GameObject\Player\Effects</Filter>
    </ClCompile>
    <ClCompile Include="yaSpecialAttackEffect.cpp">
      <Filter>Engine\GameObject\Player\Effects</Filter>
    </ClCompile>
    <ClCompile Include="yaUIManager.cpp">
      <Filter>Engine\Manager</Filter>
    </ClCompile>
    <ClCompile Include="yaUIBase.cpp">
      <Filter>Engine\UIBase</Filter>
    </ClCompile>
  </ItemGroup>
  <ItemGroup>
    <ResourceCompile Include="WindowsProject1.rc">
      <Filter>main\리소스 파일</Filter>
    </ResourceCompile>
  </ItemGroup>
  <ItemGroup>
    <Image Include="small.ico">
      <Filter>main\리소스 파일</Filter>
    </Image>
    <Image Include="WindowsProject1.ico">
      <Filter>main\리소스 파일</Filter>
    </Image>
  </ItemGroup>
</Project>