<?xml version="1.0" encoding="utf-8"?>
<Project ToolsVersion="4.0" xmlns="http://schemas.microsoft.com/developer/msbuild/2003">
  <ItemGroup>
    <Filter Include="Engine">
      <UniqueIdentifier>{02b192cc-bf7c-4f14-a6f7-5b0900e1aa14}</UniqueIdentifier>
    </Filter>
    <Filter Include="main">
      <UniqueIdentifier>{4FC737F1-C7A5-4376-A066-2A32D752A2FF}</UniqueIdentifier>
      <Extensions>cpp;c;cc;cxx;c++;cppm;ixx;def;odl;idl;hpj;bat;asm;asmx</Extensions>
    </Filter>
    <Filter Include="main\리소스 파일">
      <UniqueIdentifier>{67DA6AB6-F800-4c08-8B7A-83BB121AAD01}</UniqueIdentifier>
      <Extensions>rc;ico;cur;bmp;dlg;rc2;rct;bin;rgs;gif;jpg;jpeg;jpe;resx;tiff;tif;png;wav;mfcribbon-ms</Extensions>
    </Filter>
    <Filter Include="Engine\Common">
      <UniqueIdentifier>{38c61ccd-ae4f-4646-b050-0d6a76e05e57}</UniqueIdentifier>
    </Filter>
    <Filter Include="Engine\Application">
      <UniqueIdentifier>{0a1c52c1-987e-4915-83f3-4953c210c395}</UniqueIdentifier>
    </Filter>
    <Filter Include="Engine\Scene">
      <UniqueIdentifier>{0ee01cef-a999-4682-b228-95a5060d72be}</UniqueIdentifier>
    </Filter>
    <Filter Include="Engine\GameObject">
      <UniqueIdentifier>{d8f4f3dc-61c5-46cf-a420-fb778cef9e18}</UniqueIdentifier>
    </Filter>
    <Filter Include="Engine\Scene\Base">
      <UniqueIdentifier>{7a0194e6-b589-4438-ba8e-cb2be3fce281}</UniqueIdentifier>
    </Filter>
    <Filter Include="Engine\GameObject\Base">
      <UniqueIdentifier>{3d56d30c-da8c-4bb8-af9e-a0f9a51d5495}</UniqueIdentifier>
    </Filter>
    <Filter Include="Engine\Manager">
      <UniqueIdentifier>{38b6cb9e-543b-4e16-a32e-28701db6a859}</UniqueIdentifier>
    </Filter>
    <Filter Include="Engine\Resource">
      <UniqueIdentifier>{c5269f11-1b23-42e2-9746-e8b5a1e3136e}</UniqueIdentifier>
    </Filter>
    <Filter Include="Engine\Resource\Base">
      <UniqueIdentifier>{b37c32bc-c15e-4efd-bb82-d876f33995be}</UniqueIdentifier>
    </Filter>
    <Filter Include="Engine\Component">
      <UniqueIdentifier>{0a11f158-5e6b-4059-9388-983a56eda0cf}</UniqueIdentifier>
    </Filter>
    <Filter Include="Engine\Component\Base">
      <UniqueIdentifier>{c65f1fd6-4c18-4c7e-af25-943ad510ff13}</UniqueIdentifier>
    </Filter>
    <Filter Include="Engine\Scene\BossScenes">
      <UniqueIdentifier>{5955bd89-80e2-47b9-a0cd-955f8b1ab371}</UniqueIdentifier>
    </Filter>
    <Filter Include="Engine\GameObject\Gun">
      <UniqueIdentifier>{e99469b8-b9bb-405a-b556-ec308f2a4775}</UniqueIdentifier>
    </Filter>
    <Filter Include="Engine\GameObject\Gun\Base">
      <UniqueIdentifier>{9a77a3f8-abc1-4e13-b3cd-34c3f63af8df}</UniqueIdentifier>
    </Filter>
    <Filter Include="Engine\GameObject\Gun\Base\Bullet">
      <UniqueIdentifier>{f1ffd64c-14d4-44eb-b269-29c061bc62c1}</UniqueIdentifier>
    </Filter>
    <Filter Include="Engine\GameObject\Gun\PeaShooter">
      <UniqueIdentifier>{7abf63ac-448b-41de-8336-73d07dc96e47}</UniqueIdentifier>
    </Filter>
    <Filter Include="Engine\GameObject\Player">
      <UniqueIdentifier>{ec9cc829-afc7-48d4-9eb6-f43c69c5ef4f}</UniqueIdentifier>
    </Filter>
    <Filter Include="Engine\Scene\StructureScenes">
      <UniqueIdentifier>{7fa76d47-56e7-4c0c-bf50-0f8994263817}</UniqueIdentifier>
    </Filter>
    <Filter Include="Engine\GameObject\Player\Effects">
      <UniqueIdentifier>{f6e4a271-ed45-464f-a71f-bb8285973f66}</UniqueIdentifier>
    </Filter>
    <Filter Include="Engine\UI">
      <UniqueIdentifier>{c20992c6-eb8d-4ed5-9293-50130926898b}</UniqueIdentifier>
    </Filter>
    <Filter Include="Engine\UI\Base">
      <UniqueIdentifier>{d5bdbbb3-008c-4de8-b2cb-61952475fbd4}</UniqueIdentifier>
    </Filter>
    <Filter Include="Engine\GameObject\BossBase">
      <UniqueIdentifier>{9ad0fd90-bf45-446e-90f8-2956bc4945ac}</UniqueIdentifier>
    </Filter>
    <Filter Include="Engine\GameObject\SceneObject">
      <UniqueIdentifier>{d3268932-96a8-43d0-a4e5-93b1cf6f77ec}</UniqueIdentifier>
    </Filter>
    <Filter Include="Engine\GameObject\Beppi">
      <UniqueIdentifier>{9e9a060b-d01f-468f-8a64-ff56b10e48e1}</UniqueIdentifier>
    </Filter>
    <Filter Include="Engine\GameObject\Beppi\Phase 1">
      <UniqueIdentifier>{6e3497ae-6bd9-4810-ba94-e599ce645f4d}</UniqueIdentifier>
    </Filter>
    <Filter Include="Engine\GameObject\Beppi\Phase 2">
      <UniqueIdentifier>{807119de-f34b-44cd-9443-a390f8f2d39d}</UniqueIdentifier>
    </Filter>
    <Filter Include="Engine\GameObject\SceneObject\LogoSceneObj">
      <UniqueIdentifier>{568c148a-2898-4018-9b55-51816da682a7}</UniqueIdentifier>
    </Filter>
    <Filter Include="Engine\GameObject\SceneObject\BossSceneObj">
      <UniqueIdentifier>{a5e6c4bb-6453-4830-9348-d34839174e44}</UniqueIdentifier>
    </Filter>
    <Filter Include="Engine\GameObject\SceneObject\SceneChanger">
      <UniqueIdentifier>{266c261a-a92f-4b76-9a82-8a75556c2292}</UniqueIdentifier>
    </Filter>
    <Filter Include="Engine\GameObject\Beppi\Phase 2\BeppiPhaseTwo">
      <UniqueIdentifier>{bdf523f3-eb51-4618-89a7-751a4774ecb6}</UniqueIdentifier>
    </Filter>
    <Filter Include="Engine\GameObject\Beppi\Phase 2\BalloonDog">
      <UniqueIdentifier>{702d5776-d188-45c6-bd33-13cceb6581a8}</UniqueIdentifier>
    </Filter>
    <Filter Include="Engine\GameObject\Ground">
      <UniqueIdentifier>{5dc766e4-bb4b-4d7b-9592-5c82a92948e5}</UniqueIdentifier>
    </Filter>
    <Filter Include="Engine\GameObject\Beppi\Phase 3">
      <UniqueIdentifier>{42439227-fbdb-4fe7-9bde-07e27b75dd0e}</UniqueIdentifier>
    </Filter>
    <Filter Include="Engine\GameObject\Beppi\Phase 3\BeppiPhaseThree">
      <UniqueIdentifier>{ab6490a0-8621-46a8-8af3-bc751123ee3e}</UniqueIdentifier>
    </Filter>
    <Filter Include="Engine\GameObject\Beppi\Phase 3\BeppiHorse">
      <UniqueIdentifier>{6efbd219-1c89-463b-b16d-7429a2f7cd82}</UniqueIdentifier>
    </Filter>
    <Filter Include="Engine\GameObject\Beppi\Phase 4">
      <UniqueIdentifier>{110fe4b5-5f78-45bd-9019-bcc700b32239}</UniqueIdentifier>
    </Filter>
    <Filter Include="Engine\GameObject\Beppi\Phase 4\Penguin">
      <UniqueIdentifier>{752f0b82-97e5-447a-a448-75689d5f1809}</UniqueIdentifier>
    </Filter>
    <Filter Include="Engine\GameObject\Beppi\RollerCoaster">
      <UniqueIdentifier>{98b214d1-3809-458d-b4a4-54683849ff41}</UniqueIdentifier>
    </Filter>
    <Filter Include="Engine\GameObject\BossWernerWerman">
      <UniqueIdentifier>{a1a68be8-ee58-47b0-a406-f7a7667dd07f}</UniqueIdentifier>
    </Filter>
    <Filter Include="Engine\GameObject\BossWernerWerman\Phase 1">
      <UniqueIdentifier>{f176e1d3-7bdb-4152-9127-3c8f03e56f02}</UniqueIdentifier>
    </Filter>
    <Filter Include="Engine\GameObject\BossWernerWerman\Phase 1\Bullets">
      <UniqueIdentifier>{7102d73d-41db-496a-af50-3801ca4dc02a}</UniqueIdentifier>
    </Filter>
    <Filter Include="Engine\GameObject\BossWernerWerman\Phase 2">
      <UniqueIdentifier>{fffec82c-6364-4e91-b396-16ae436cde93}</UniqueIdentifier>
    </Filter>
    <Filter Include="Engine\GameObject\BossWernerWerman\PeekingCat">
      <UniqueIdentifier>{2cbdcb89-fd8b-4d0a-81e0-ddf93379b398}</UniqueIdentifier>
    </Filter>
    <Filter Include="Engine\GameObject\BossWernerWerman\Phase 3">
      <UniqueIdentifier>{647c87ae-4c7e-421f-b549-d182a40ae8ea}</UniqueIdentifier>
    </Filter>
    <Filter Include="Engine\GameObject\Map">
      <UniqueIdentifier>{22a4e1c9-e3a9-41b7-9711-495cd7967448}</UniqueIdentifier>
    </Filter>
    <Filter Include="Engine\GameObject\Gun\Spreader">
      <UniqueIdentifier>{e2da708d-82cc-4d3d-a917-4b916dbf6199}</UniqueIdentifier>
    </Filter>
    <Filter Include="Engine\GameObject\Gun\CrackShot">
      <UniqueIdentifier>{20c0a770-e00b-4555-a870-7818aefecc42}</UniqueIdentifier>
    </Filter>
    <Filter Include="Engine\GameObject\BossCarnation">
      <UniqueIdentifier>{7602c3e6-7f80-4263-aacf-103ae42eb923}</UniqueIdentifier>
    </Filter>
    <Filter Include="Engine\GameObject\BossCarnation\Seeds">
      <UniqueIdentifier>{527dac78-768e-4223-b766-5d9e68f0f0f9}</UniqueIdentifier>
    </Filter>
  </ItemGroup>
  <ItemGroup>
    <ClInclude Include="framework.h">
      <Filter>main</Filter>
    </ClInclude>
    <ClInclude Include="Resource.h">
      <Filter>main</Filter>
    </ClInclude>
    <ClInclude Include="targetver.h">
      <Filter>main</Filter>
    </ClInclude>
    <ClInclude Include="WindowsProject1.h">
      <Filter>main</Filter>
    </ClInclude>
    <ClInclude Include="Common.h">
      <Filter>Engine\Common</Filter>
    </ClInclude>
    <ClInclude Include="Maths.h">
      <Filter>Engine\Common</Filter>
    </ClInclude>
    <ClInclude Include="yaApplication.h">
      <Filter>Engine\Application</Filter>
    </ClInclude>
    <ClInclude Include="yaSceneManager.h">
      <Filter>Engine\Manager</Filter>
    </ClInclude>
    <ClInclude Include="yaEntity.h">
      <Filter>Engine\Common</Filter>
    </ClInclude>
    <ClInclude Include="yaScene.h">
      <Filter>Engine\Scene\Base</Filter>
    </ClInclude>
    <ClInclude Include="def.h">
      <Filter>Engine\Common</Filter>
    </ClInclude>
    <ClInclude Include="yaGameObject.h">
      <Filter>Engine\GameObject\Base</Filter>
    </ClInclude>
    <ClInclude Include="yaTime.h">
      <Filter>Engine\Manager</Filter>
    </ClInclude>
    <ClInclude Include="yaInput.h">
      <Filter>Engine\Manager</Filter>
    </ClInclude>
    <ClInclude Include="yaResource.h">
      <Filter>Engine\Resource\Base</Filter>
    </ClInclude>
    <ClInclude Include="yaPicture.h">
      <Filter>Engine\Resource</Filter>
    </ClInclude>
    <ClInclude Include="yaResources.h">
      <Filter>Engine\Manager</Filter>
    </ClInclude>
    <ClInclude Include="yaComponent.h">
      <Filter>Engine\Component\Base</Filter>
    </ClInclude>
    <ClInclude Include="yaCollider.h">
      <Filter>Engine\Component</Filter>
    </ClInclude>
    <ClInclude Include="yaCollisionManager.h">
      <Filter>Engine\Manager</Filter>
    </ClInclude>
    <ClInclude Include="yaBgImageObject.h">
      <Filter>Engine\GameObject</Filter>
    </ClInclude>
    <ClInclude Include="yaBossBeppiScene.h">
      <Filter>Engine\Scene\BossScenes</Filter>
    </ClInclude>
    <ClInclude Include="yaCamera.h">
      <Filter>Engine\Manager</Filter>
    </ClInclude>
    <ClInclude Include="yaObjectManager.h">
      <Filter>Engine\Manager</Filter>
    </ClInclude>
    <ClInclude Include="yaAnimator.h">
      <Filter>Engine\Component</Filter>
    </ClInclude>
    <ClInclude Include="yaAnimation.h">
      <Filter>Engine\Component</Filter>
    </ClInclude>
    <ClInclude Include="yaPeaShooter.h">
      <Filter>Engine\GameObject\Gun\PeaShooter</Filter>
    </ClInclude>
    <ClInclude Include="yaRigidbody.h">
      <Filter>Engine\Component</Filter>
    </ClInclude>
    <ClInclude Include="yaBullet.h">
      <Filter>Engine\GameObject\Gun\Base\Bullet</Filter>
    </ClInclude>
    <ClInclude Include="yaShootEffect.h">
      <Filter>Engine\GameObject\Gun\Base\Bullet</Filter>
    </ClInclude>
    <ClInclude Include="yaMonster.h">
      <Filter>Engine\GameObject\BossBase</Filter>
    </ClInclude>
    <ClInclude Include="yaPlayer.h">
      <Filter>Engine\GameObject\Player</Filter>
    </ClInclude>
    <ClInclude Include="yaEndScene.h">
      <Filter>Engine\Scene\StructureScenes</Filter>
    </ClInclude>
    <ClInclude Include="yaLogoScene.h">
      <Filter>Engine\Scene\StructureScenes</Filter>
    </ClInclude>
    <ClInclude Include="yaMapScene.h">
      <Filter>Engine\Scene\StructureScenes</Filter>
    </ClInclude>
    <ClInclude Include="yaTitleScene.h">
      <Filter>Engine\Scene\StructureScenes</Filter>
    </ClInclude>
    <ClInclude Include="yaDashEffect.h">
      <Filter>Engine\GameObject\Player\Effects</Filter>
    </ClInclude>
    <ClInclude Include="yaParryEffect.h">
      <Filter>Engine\GameObject\Player\Effects</Filter>
    </ClInclude>
    <ClInclude Include="yaSpecialAttackEffect.h">
      <Filter>Engine\GameObject\Player\Effects</Filter>
    </ClInclude>
    <ClInclude Include="yaUIManager.h">
      <Filter>Engine\Manager</Filter>
    </ClInclude>
    <ClInclude Include="yaUIBase.h">
      <Filter>Engine\UI\Base</Filter>
    </ClInclude>
    <ClInclude Include="yaHealthUI.h">
      <Filter>Engine\UI</Filter>
    </ClInclude>
    <ClInclude Include="yaHUD.h">
      <Filter>Engine\UI</Filter>
    </ClInclude>
    <ClInclude Include="yaBeppiPhaseOne.h">
      <Filter>Engine\GameObject\Beppi\Phase 1</Filter>
    </ClInclude>
    <ClInclude Include="yaDuckPanel.h">
      <Filter>Engine\GameObject\Beppi\Phase 1</Filter>
    </ClInclude>
    <ClInclude Include="yaLightBulb.h">
      <Filter>Engine\GameObject\Beppi\Phase 1</Filter>
    </ClInclude>
    <ClInclude Include="yaEXPointUI.h">
      <Filter>Engine\UI</Filter>
    </ClInclude>
    <ClInclude Include="yaOnHitEffect.h">
      <Filter>Engine\GameObject\Player\Effects</Filter>
    </ClInclude>
    <ClInclude Include="yaLogoAnimation.h">
      <Filter>Engine\GameObject\SceneObject\LogoSceneObj</Filter>
    </ClInclude>
    <ClInclude Include="yaReadyAnimation.h">
      <Filter>Engine\GameObject\SceneObject\LogoSceneObj</Filter>
    </ClInclude>
    <ClInclude Include="yaReady.h">
      <Filter>Engine\GameObject\SceneObject\BossSceneObj</Filter>
    </ClInclude>
    <ClInclude Include="yaSceneExit.h">
      <Filter>Engine\GameObject\SceneObject\SceneChanger</Filter>
    </ClInclude>
    <ClInclude Include="yaSceneEnter.h">
      <Filter>Engine\GameObject\SceneObject\SceneChanger</Filter>
    </ClInclude>
    <ClInclude Include="yaBeppiPhaseTwo.h">
      <Filter>Engine\GameObject\Beppi\Phase 2\BeppiPhaseTwo</Filter>
    </ClInclude>
    <ClInclude Include="yaBeppiPh2Body.h">
      <Filter>Engine\GameObject\Beppi\Phase 2\BeppiPhaseTwo</Filter>
    </ClInclude>
    <ClInclude Include="yaBalloonDog.h">
      <Filter>Engine\GameObject\Beppi\Phase 2\BalloonDog</Filter>
    </ClInclude>
    <ClInclude Include="yaGround.h">
      <Filter>Engine\GameObject\Ground</Filter>
    </ClInclude>
    <ClInclude Include="yaRollerCoaster.h">
      <Filter>Engine\GameObject\Beppi\RollerCoaster</Filter>
    </ClInclude>
    <ClInclude Include="yaRollerCoasterTrail.h">
      <Filter>Engine\GameObject\Beppi\RollerCoaster</Filter>
    </ClInclude>
    <ClInclude Include="yaLeftWall.h">
      <Filter>Engine\GameObject\Ground</Filter>
    </ClInclude>
    <ClInclude Include="yaRightWall.h">
      <Filter>Engine\GameObject\Ground</Filter>
    </ClInclude>
    <ClInclude Include="yaRollerCoasterHead.h">
      <Filter>Engine\GameObject\Beppi\RollerCoaster</Filter>
    </ClInclude>
    <ClInclude Include="yaRollerCoasterTail.h">
      <Filter>Engine\GameObject\Beppi\RollerCoaster</Filter>
    </ClInclude>
    <ClInclude Include="yaRollerCoasterHeadPinkNose.h">
      <Filter>Engine\GameObject\Beppi\RollerCoaster</Filter>
    </ClInclude>
    <ClInclude Include="yaBossExplosion.h">
      <Filter>Engine\GameObject\BossBase</Filter>
    </ClInclude>
    <ClInclude Include="yaBeppiPhaseThree.h">
      <Filter>Engine\GameObject\Beppi\Phase 3\BeppiPhaseThree</Filter>
    </ClInclude>
    <ClInclude Include="yaBeppiPhaseThreeBack.h">
      <Filter>Engine\GameObject\Beppi\Phase 3\BeppiPhaseThree</Filter>
    </ClInclude>
    <ClInclude Include="yaBeppiHorse.h">
      <Filter>Engine\GameObject\Beppi\Phase 3\BeppiHorse</Filter>
    </ClInclude>
    <ClInclude Include="yaHorseShoe.h">
      <Filter>Engine\GameObject\Beppi\Phase 3\BeppiHorse</Filter>
    </ClInclude>
    <ClInclude Include="yaBeppiPhaseFour.h">
      <Filter>Engine\GameObject\Beppi\Phase 4</Filter>
    </ClInclude>
    <ClInclude Include="yaSwingPlatform.h">
      <Filter>Engine\GameObject\Beppi\Phase 4</Filter>
    </ClInclude>
    <ClInclude Include="yaPenguin.h">
      <Filter>Engine\GameObject\Beppi\Phase 4\Penguin</Filter>
    </ClInclude>
    <ClInclude Include="yaPenguinBaseBall.h">
      <Filter>Engine\GameObject\Beppi\Phase 4\Penguin</Filter>
    </ClInclude>
    <ClInclude Include="yaFrontUmbrella.h">
      <Filter>Engine\GameObject\Beppi\Phase 4</Filter>
    </ClInclude>
    <ClInclude Include="yaKnockOut.h">
      <Filter>Engine\GameObject\SceneObject\BossSceneObj</Filter>
    </ClInclude>
    <ClInclude Include="yaBossCanRatScene.h">
      <Filter>Engine\Scene\BossScenes</Filter>
    </ClInclude>
    <ClInclude Include="yaWernerWermanPh1.h">
      <Filter>Engine\GameObject\BossWernerWerman\Phase 1</Filter>
    </ClInclude>
    <ClInclude Include="yaPinkSpring.h">
      <Filter>Engine\GameObject\BossWernerWerman\Phase 1\Bullets</Filter>
    </ClInclude>
    <ClInclude Include="yaTomatoBomb.h">
      <Filter>Engine\GameObject\BossWernerWerman\Phase 1\Bullets</Filter>
    </ClInclude>
    <ClInclude Include="yaTomatoFire.h">
      <Filter>Engine\GameObject\BossWernerWerman\Phase 1\Bullets</Filter>
    </ClInclude>
    <ClInclude Include="yaJunk.h">
      <Filter>Engine\GameObject\BossWernerWerman\Phase 1\Bullets</Filter>
    </ClInclude>
    <ClInclude Include="yaWernerWermanPh2.h">
      <Filter>Engine\GameObject\BossWernerWerman\Phase 2</Filter>
    </ClInclude>
    <ClInclude Include="yaBottomWoodCart.h">
      <Filter>Engine\GameObject\BossWernerWerman\Phase 2</Filter>
    </ClInclude>
    <ClInclude Include="yaPh2WallGround.h">
      <Filter>Engine\GameObject\BossWernerWerman\Phase 2</Filter>
    </ClInclude>
    <ClInclude Include="yaDisc.h">
      <Filter>Engine\GameObject\BossWernerWerman\Phase 2</Filter>
    </ClInclude>
    <ClInclude Include="yaPhase2BGChanger.h">
      <Filter>Engine\GameObject\BossWernerWerman\Phase 2</Filter>
    </ClInclude>
    <ClInclude Include="yaPeakingCat.h">
      <Filter>Engine\GameObject\BossWernerWerman\PeekingCat</Filter>
    </ClInclude>
    <ClInclude Include="yaWernerWermanPh3.h">
      <Filter>Engine\GameObject\BossWernerWerman\Phase 3</Filter>
    </ClInclude>
    <ClInclude Include="yaPhase3BGChanger.h">
      <Filter>Engine\GameObject\BossWernerWerman\Phase 3</Filter>
    </ClInclude>
    <ClInclude Include="yaPhase3BGExplodeEffect.h">
      <Filter>Engine\GameObject\BossWernerWerman\Phase 3</Filter>
    </ClInclude>
    <ClInclude Include="yaCatBody.h">
      <Filter>Engine\GameObject\BossWernerWerman\Phase 3</Filter>
    </ClInclude>
    <ClInclude Include="yaGhostMouse.h">
      <Filter>Engine\GameObject\BossWernerWerman\Phase 3</Filter>
    </ClInclude>
    <ClInclude Include="yaGhostMouseBall.h">
      <Filter>Engine\GameObject\BossWernerWerman\Phase 3</Filter>
    </ClInclude>
    <ClInclude Include="yaCatPaw.h">
      <Filter>Engine\GameObject\BossWernerWerman\Phase 3</Filter>
    </ClInclude>
    <ClInclude Include="yaWoodPiece.h">
      <Filter>Engine\GameObject\BossWernerWerman\Phase 3</Filter>
    </ClInclude>
    <ClInclude Include="yaWorldMap.h">
      <Filter>Engine\GameObject\Map</Filter>
    </ClInclude>
    <ClInclude Include="yaWorldPlayer.h">
      <Filter>Engine\GameObject\Map</Filter>
    </ClInclude>
    <ClInclude Include="yaSpreader.h">
      <Filter>Engine\GameObject\Gun\Spreader</Filter>
    </ClInclude>
    <ClInclude Include="yaCrackShot.h">
      <Filter>Engine\GameObject\Gun\CrackShot</Filter>
    </ClInclude>
    <ClInclude Include="yaBossObject.h">
      <Filter>Engine\GameObject\Map</Filter>
    </ClInclude>
    <ClInclude Include="yaCameraBlur.h">
      <Filter>Engine\UI</Filter>
    </ClInclude>
    <ClInclude Include="yaButton.h">
      <Filter>Engine\UI</Filter>
    </ClInclude>
    <ClInclude Include="yaPanel.h">
      <Filter>Engine\UI</Filter>
    </ClInclude>
    <ClInclude Include="yaBossCarnationScene.h">
      <Filter>Engine\Scene\BossScenes</Filter>
    </ClInclude>
    <ClInclude Include="yaCarnation.h">
      <Filter>Engine\GameObject\BossCarnation</Filter>
    </ClInclude>
    <ClInclude Include="yaFlowerPlatForm.h">
      <Filter>Engine\GameObject\BossCarnation</Filter>
    </ClInclude>
    <ClInclude Include="yaChomper.h">
      <Filter>Engine\GameObject\BossCarnation\Seeds</Filter>
    </ClInclude>
    <ClInclude Include="yaMiniFlowerr.h">
      <Filter>Engine\GameObject\BossCarnation\Seeds</Filter>
    </ClInclude>
    <ClInclude Include="yaVenus.h">
      <Filter>Engine\GameObject\BossCarnation\Seeds</Filter>
    </ClInclude>
  </ItemGroup>
  <ItemGroup>
    <ClCompile Include="main.cpp">
      <Filter>main</Filter>
    </ClCompile>
    <ClCompile Include="yaApplication.cpp">
      <Filter>Engine\Application</Filter>
    </ClCompile>
    <ClCompile Include="yaSceneManager.cpp">
      <Filter>Engine\Manager</Filter>
    </ClCompile>
    <ClCompile Include="yaEntity.cpp">
      <Filter>Engine\Common</Filter>
    </ClCompile>
    <ClCompile Include="yaScene.cpp">
      <Filter>Engine\Scene\Base</Filter>
    </ClCompile>
    <ClCompile Include="yaGameObject.cpp">
      <Filter>Engine\GameObject\Base</Filter>
    </ClCompile>
    <ClCompile Include="yaTime.cpp">
      <Filter>Engine\Manager</Filter>
    </ClCompile>
    <ClCompile Include="yaInput.cpp">
      <Filter>Engine\Manager</Filter>
    </ClCompile>
    <ClCompile Include="yaResource.cpp">
      <Filter>Engine\Resource\Base</Filter>
    </ClCompile>
    <ClCompile Include="yaPicture.cpp">
      <Filter>Engine\Resource</Filter>
    </ClCompile>
    <ClCompile Include="yaResources.cpp">
      <Filter>Engine\Manager</Filter>
    </ClCompile>
    <ClCompile Include="yaComponent.cpp">
      <Filter>Engine\Component\Base</Filter>
    </ClCompile>
    <ClCompile Include="yaCollider.cpp">
      <Filter>Engine\Component</Filter>
    </ClCompile>
    <ClCompile Include="Maths.cpp">
      <Filter>Engine\Common</Filter>
    </ClCompile>
    <ClCompile Include="yaCollisionManager.cpp">
      <Filter>Engine\Manager</Filter>
    </ClCompile>
    <ClCompile Include="yaBgImageObject.cpp">
      <Filter>Engine\GameObject</Filter>
    </ClCompile>
    <ClCompile Include="yaBossBeppiScene.cpp">
      <Filter>Engine\Scene\BossScenes</Filter>
    </ClCompile>
    <ClCompile Include="yaCamera.cpp">
      <Filter>Engine\Manager</Filter>
    </ClCompile>
    <ClCompile Include="yaAnimator.cpp">
      <Filter>Engine\Component</Filter>
    </ClCompile>
    <ClCompile Include="yaAnimation.cpp">
      <Filter>Engine\Component</Filter>
    </ClCompile>
    <ClCompile Include="yaPeaShooter.cpp">
      <Filter>Engine\GameObject\Gun\PeaShooter</Filter>
    </ClCompile>
    <ClCompile Include="yaRigidbody.cpp">
      <Filter>Engine\Component</Filter>
    </ClCompile>
    <ClCompile Include="yaBullet.cpp">
      <Filter>Engine\GameObject\Gun\Base\Bullet</Filter>
    </ClCompile>
    <ClCompile Include="yaShootEffect.cpp">
      <Filter>Engine\GameObject\Gun\Base\Bullet</Filter>
    </ClCompile>
    <ClCompile Include="yaMonster.cpp">
      <Filter>Engine\GameObject\BossBase</Filter>
    </ClCompile>
    <ClCompile Include="yaPlayer.cpp">
      <Filter>Engine\GameObject\Player</Filter>
    </ClCompile>
    <ClCompile Include="yaEndScene.cpp">
      <Filter>Engine\Scene\StructureScenes</Filter>
    </ClCompile>
    <ClCompile Include="yaLogoScene.cpp">
      <Filter>Engine\Scene\StructureScenes</Filter>
    </ClCompile>
    <ClCompile Include="yaMapScene.cpp">
      <Filter>Engine\Scene\StructureScenes</Filter>
    </ClCompile>
    <ClCompile Include="yaTitleScene.cpp">
      <Filter>Engine\Scene\StructureScenes</Filter>
    </ClCompile>
    <ClCompile Include="yaDashEffect.cpp">
      <Filter>Engine\GameObject\Player\Effects</Filter>
    </ClCompile>
    <ClCompile Include="yaParryEffect.cpp">
      <Filter>Engine\GameObject\Player\Effects</Filter>
    </ClCompile>
    <ClCompile Include="yaSpecialAttackEffect.cpp">
      <Filter>Engine\GameObject\Player\Effects</Filter>
    </ClCompile>
    <ClCompile Include="yaUIManager.cpp">
      <Filter>Engine\Manager</Filter>
    </ClCompile>
    <ClCompile Include="yaUIBase.cpp">
      <Filter>Engine\UI\Base</Filter>
    </ClCompile>
    <ClCompile Include="yaHealthUI.cpp">
      <Filter>Engine\UI</Filter>
    </ClCompile>
    <ClCompile Include="yaHUD.cpp">
      <Filter>Engine\UI</Filter>
    </ClCompile>
    <ClCompile Include="yaBeppiPhaseOne.cpp">
      <Filter>Engine\GameObject\Beppi\Phase 1</Filter>
    </ClCompile>
    <ClCompile Include="yaDuckPanel.cpp">
      <Filter>Engine\GameObject\Beppi\Phase 1</Filter>
    </ClCompile>
    <ClCompile Include="yaLightBulb.cpp">
      <Filter>Engine\GameObject\Beppi\Phase 1</Filter>
    </ClCompile>
    <ClCompile Include="yaEXPointUI.cpp">
      <Filter>Engine\UI</Filter>
    </ClCompile>
    <ClCompile Include="yaOnHitEffect.cpp">
      <Filter>Engine\GameObject\Player\Effects</Filter>
    </ClCompile>
    <ClCompile Include="yaLogoAnimation.cpp">
      <Filter>Engine\GameObject\SceneObject\LogoSceneObj</Filter>
    </ClCompile>
    <ClCompile Include="yaReadyAnimation.cpp">
      <Filter>Engine\GameObject\SceneObject\LogoSceneObj</Filter>
    </ClCompile>
    <ClCompile Include="yaReady.cpp">
      <Filter>Engine\GameObject\SceneObject\BossSceneObj</Filter>
    </ClCompile>
    <ClCompile Include="yaSceneExit.cpp">
      <Filter>Engine\GameObject\SceneObject\SceneChanger</Filter>
    </ClCompile>
    <ClCompile Include="yaSceneEnter.cpp">
      <Filter>Engine\GameObject\SceneObject\SceneChanger</Filter>
    </ClCompile>
    <ClCompile Include="yaBeppiPhaseTwo.cpp">
      <Filter>Engine\GameObject\Beppi\Phase 2\BeppiPhaseTwo</Filter>
    </ClCompile>
    <ClCompile Include="yaBeppiPh2Body.cpp">
      <Filter>Engine\GameObject\Beppi\Phase 2\BeppiPhaseTwo</Filter>
    </ClCompile>
    <ClCompile Include="yaBalloonDog.cpp">
      <Filter>Engine\GameObject\Beppi\Phase 2\BalloonDog</Filter>
    </ClCompile>
    <ClCompile Include="yaGround.cpp">
      <Filter>Engine\GameObject\Ground</Filter>
    </ClCompile>
    <ClCompile Include="yaRollerCoaster.cpp">
      <Filter>Engine\GameObject\Beppi\RollerCoaster</Filter>
    </ClCompile>
    <ClCompile Include="yaRollerCoasterTrail.cpp">
      <Filter>Engine\GameObject\Beppi\RollerCoaster</Filter>
    </ClCompile>
    <ClCompile Include="yaLeftWall.cpp">
      <Filter>Engine\GameObject\Ground</Filter>
    </ClCompile>
    <ClCompile Include="yaRightWall.cpp">
      <Filter>Engine\GameObject\Ground</Filter>
    </ClCompile>
    <ClCompile Include="yaRollerCoasterHead.cpp">
      <Filter>Engine\GameObject\Beppi\RollerCoaster</Filter>
    </ClCompile>
    <ClCompile Include="yaRollerCoasterTail.cpp">
      <Filter>Engine\GameObject\Beppi\RollerCoaster</Filter>
    </ClCompile>
    <ClCompile Include="yaRollerCoasterHeadPinkNose.cpp">
      <Filter>Engine\GameObject\Beppi\RollerCoaster</Filter>
    </ClCompile>
    <ClCompile Include="yaBossExplosion.cpp">
      <Filter>Engine\GameObject\BossBase</Filter>
    </ClCompile>
    <ClCompile Include="yaBeppiPhaseThree.cpp">
      <Filter>Engine\GameObject\Beppi\Phase 3\BeppiPhaseThree</Filter>
    </ClCompile>
    <ClCompile Include="yaBeppiPhaseThreeBack.cpp">
      <Filter>Engine\GameObject\Beppi\Phase 3\BeppiPhaseThree</Filter>
    </ClCompile>
    <ClCompile Include="yaBeppiHorse.cpp">
      <Filter>Engine\GameObject\Beppi\Phase 3\BeppiHorse</Filter>
    </ClCompile>
    <ClCompile Include="yaHorseShoe.cpp">
      <Filter>Engine\GameObject\Beppi\Phase 3\BeppiHorse</Filter>
    </ClCompile>
    <ClCompile Include="yaBeppiPhaseFour.cpp">
      <Filter>Engine\GameObject\Beppi\Phase 4</Filter>
    </ClCompile>
    <ClCompile Include="yaSwingPlatform.cpp">
      <Filter>Engine\GameObject\Beppi\Phase 4</Filter>
    </ClCompile>
    <ClCompile Include="yaPenguin.cpp">
      <Filter>Engine\GameObject\Beppi\Phase 4\Penguin</Filter>
    </ClCompile>
    <ClCompile Include="yaPenguinBaseBall.cpp">
      <Filter>Engine\GameObject\Beppi\Phase 4\Penguin</Filter>
    </ClCompile>
    <ClCompile Include="yaFrontUmbrella.cpp">
      <Filter>Engine\GameObject\Beppi\Phase 4</Filter>
    </ClCompile>
    <ClCompile Include="yaKnockOut.cpp">
      <Filter>Engine\GameObject\SceneObject\BossSceneObj</Filter>
    </ClCompile>
    <ClCompile Include="yaBossCanRatScene.cpp">
      <Filter>Engine\Scene\BossScenes</Filter>
    </ClCompile>
    <ClCompile Include="yaWernerWermanPh1.cpp">
      <Filter>Engine\GameObject\BossWernerWerman\Phase 1</Filter>
    </ClCompile>
    <ClCompile Include="yaPinkSpring.cpp">
      <Filter>Engine\GameObject\BossWernerWerman\Phase 1\Bullets</Filter>
    </ClCompile>
    <ClCompile Include="yaTomatoBomb.cpp">
      <Filter>Engine\GameObject\BossWernerWerman\Phase 1\Bullets</Filter>
    </ClCompile>
    <ClCompile Include="yaTomatoFire.cpp">
      <Filter>Engine\GameObject\BossWernerWerman\Phase 1\Bullets</Filter>
    </ClCompile>
    <ClCompile Include="yaJunk.cpp">
      <Filter>Engine\GameObject\BossWernerWerman\Phase 1\Bullets</Filter>
    </ClCompile>
    <ClCompile Include="yaWernerWermanPh2.cpp">
      <Filter>Engine\GameObject\BossWernerWerman\Phase 2</Filter>
    </ClCompile>
    <ClCompile Include="yaBottomWoodCart.cpp">
      <Filter>Engine\GameObject\BossWernerWerman\Phase 2</Filter>
    </ClCompile>
    <ClCompile Include="yaPh2WallGround.cpp">
      <Filter>Engine\GameObject\BossWernerWerman\Phase 2</Filter>
    </ClCompile>
    <ClCompile Include="yaDisc.cpp">
      <Filter>Engine\GameObject\BossWernerWerman\Phase 2</Filter>
    </ClCompile>
    <ClCompile Include="yaPhase2BGChanger.cpp">
      <Filter>Engine\GameObject\BossWernerWerman\Phase 2</Filter>
    </ClCompile>
    <ClCompile Include="yaPeakingCat.cpp">
      <Filter>Engine\GameObject\BossWernerWerman\PeekingCat</Filter>
    </ClCompile>
    <ClCompile Include="yaWernerWermanPh3.cpp">
      <Filter>Engine\GameObject\BossWernerWerman\Phase 3</Filter>
    </ClCompile>
    <ClCompile Include="yaPhase3BGChanger.cpp">
      <Filter>Engine\GameObject\BossWernerWerman\Phase 3</Filter>
    </ClCompile>
    <ClCompile Include="yaPhase3BGExplodeEffect.cpp">
      <Filter>Engine\GameObject\BossWernerWerman\Phase 3</Filter>
    </ClCompile>
    <ClCompile Include="yaCatBody.cpp">
      <Filter>Engine\GameObject\BossWernerWerman\Phase 3</Filter>
    </ClCompile>
    <ClCompile Include="yaGhostMouse.cpp">
      <Filter>Engine\GameObject\BossWernerWerman\Phase 3</Filter>
    </ClCompile>
    <ClCompile Include="yaGhostMouseBall.cpp">
      <Filter>Engine\GameObject\BossWernerWerman\Phase 3</Filter>
    </ClCompile>
    <ClCompile Include="yaCatPaw.cpp">
      <Filter>Engine\GameObject\BossWernerWerman\Phase 3</Filter>
    </ClCompile>
    <ClCompile Include="yaWoodPiece.cpp">
      <Filter>Engine\GameObject\BossWernerWerman\Phase 3</Filter>
    </ClCompile>
    <ClCompile Include="yaWorldMap.cpp">
      <Filter>Engine\GameObject\Map</Filter>
    </ClCompile>
    <ClCompile Include="yaWorldPlayer.cpp">
      <Filter>Engine\GameObject\Map</Filter>
    </ClCompile>
    <ClCompile Include="yaSpreader.cpp">
      <Filter>Engine\GameObject\Gun\Spreader</Filter>
    </ClCompile>
    <ClCompile Include="yaCrackShot.cpp">
      <Filter>Engine\GameObject\Gun\CrackShot</Filter>
    </ClCompile>
    <ClCompile Include="yaBossObject.cpp">
      <Filter>Engine\GameObject\Map</Filter>
    </ClCompile>
    <ClCompile Include="yaCameraBlur.cpp">
      <Filter>Engine\UI</Filter>
    </ClCompile>
    <ClCompile Include="yaButton.cpp">
      <Filter>Engine\UI</Filter>
    </ClCompile>
    <ClCompile Include="yaPanel.cpp">
      <Filter>Engine\UI</Filter>
    </ClCompile>
    <ClCompile Include="yaBossCarnationScene.cpp">
      <Filter>Engine\Scene\BossScenes</Filter>
    </ClCompile>
    <ClCompile Include="yaCarnation.cpp">
      <Filter>Engine\GameObject\BossCarnation</Filter>
    </ClCompile>
    <ClCompile Include="yaFlowerPlatForm.cpp">
      <Filter>Engine\GameObject\BossCarnation</Filter>
    </ClCompile>
    <ClCompile Include="yaChomper.cpp">
      <Filter>Engine\GameObject\BossCarnation\Seeds</Filter>
    </ClCompile>
    <ClCompile Include="yaMiniFlowerr.cpp">
      <Filter>Engine\GameObject\BossCarnation\Seeds</Filter>
    </ClCompile>
    <ClCompile Include="yaVenus.cpp">
      <Filter>Engine\GameObject\BossCarnation\Seeds</Filter>
    </ClCompile>
  </ItemGroup>
  <ItemGroup>
    <ResourceCompile Include="WindowsProject1.rc">
      <Filter>main\리소스 파일</Filter>
    </ResourceCompile>
  </ItemGroup>
  <ItemGroup>
    <Image Include="small.ico">
      <Filter>main\리소스 파일</Filter>
    </Image>
    <Image Include="WindowsProject1.ico">
      <Filter>main\리소스 파일</Filter>
    </Image>
  </ItemGroup>
</Project>